
Microsoft Visual Studio Solution File, Format Version 12.00
# Visual Studio Version 17
VisualStudioVersion = 17.8.34525.116
MinimumVisualStudioVersion = 10.0.40219.1
Project("{FAE04EC0-301F-11D3-BF4B-00C04F79EFBC}") = "L02P02_2021TH650_2021SC601", "L02P02_2021TH650_2021SC601\L02P02_2021TH650_2021SC601.csproj", "{0C70CB5B-38FD-4256-BABA-59F6F415975B}"
EndProject
Global
	GlobalSection(SolutionConfigurationPlatforms) = preSolution
		Debug|Any CPU = Debug|Any CPU
		Release|Any CPU = Release|Any CPU
	EndGlobalSection
	GlobalSection(ProjectConfigurationPlatforms) = postSolution
		{0C70CB5B-38FD-4256-BABA-59F6F415975B}.Debug|Any CPU.ActiveCfg = Debug|Any CPU
		{0C70CB5B-38FD-4256-BABA-59F6F415975B}.Debug|Any CPU.Build.0 = Debug|Any CPU
		{0C70CB5B-38FD-4256-BABA-59F6F415975B}.Release|Any CPU.ActiveCfg = Release|Any CPU
		{0C70CB5B-38FD-4256-BABA-59F6F415975B}.Release|Any CPU.Build.0 = Release|Any CPU
	EndGlobalSection
	GlobalSection(SolutionProperties) = preSolution
		HideSolutionNode = FALSE
	EndGlobalSection
	GlobalSection(ExtensibilityGlobals) = postSolution
		SolutionGuid = {E7C280CF-DFCA-4F07-A14A-7424A3F89D35}
	EndGlobalSection
EndGlobal
